github.com/davecgh/go-spew v1.1.0/go.mod h1:J7Y8YcW2NihsgmVo/mv3lAwl/skON4iLHjSsI+c5H38=
github.com/davecgh/go-spew v1.1.1 h1:vj9j/u1bqnvCEfJOwUhtlOARqs3+rkHYY13jYWTU97c=
github.com/davecgh/go-spew v1.1.1/go.mod h1:J7Y8YcW2NihsgmVo/mv3lAwl/skON4iLHjSsI+c5H38=
github.com/joshuarubin/go-sway v1.2.0 h1:t3eqW504//uj9PDwFf0+IVfkD+WoOGaDX5gYIe0BHyM=
github.com/joshuarubin/go-sway v1.2.0/go.mod h1:qcDd6f25vJ0++wICwA1BainIcRC67p2Mb4lsrZ0k3/k=
github.com/joshuarubin/lifecycle v1.0.0 h1:N/lPEC8f+dBZ1Tn99vShqp36LwB+LI7XNAiNadZeLUQ=
github.com/joshuarubin/lifecycle v1.0.0/go.mod h1:sRy++ATvR9Ee21tkRdFkQeywAWvDsue66V70K0Dnl54=
github.com/neurlang/wayland v0.2.2 h1:VqyIAfJga3hRF+AYYJ3/1BhgL9k58yUBAaLC5eP5LxY=
github.com/neurlang/wayland v0.2.2/go.mod h1:YKS+7tdgk07sNzFBF1Xd50Fwf+7ecrFBYaW+6+l5O08=
github.com/pmezard/go-difflib v1.0.0 h1:4DBwDE0NGyQoBHbLQYPwSUPoCMWR5BEzIk/f1lZbAQM=
github.com/pmezard/go-difflib v1.0.0/go.mod h1:iKH77koFhYxTK1pcRnkKkqfTogsbg7gZNVY4sRDYZ/4=
github.com/stretchr/objx v0.1.0/go.mod h1:HFkY916IF+rwdDfMAkV7OtwuqBVzrE8GR6GFx+wExME=
github.com/stretchr/testify v1.3.0/go.mod h1:M5WIy9Dh21IEIfnGCwXGc5bZfKNJtfHm1UVUgZn+9EI=
github.com/stretchr/testify v1.9.0 h1:HtqpIVDClZ4nwg75+f6Lvsy/wHu+3BoSGCbBAcpTsTg=
github.com/stretchr/testify v1.9.0/go.mod h1:r2ic/lqez/lEtzL7wO/rwa5dbSLXVDPFyf8C91i36aY=
github.com/yalue/native_endian v1.0.2 h1:e4SxBbaCoOOO4E3axd7FSriUhzc1bIzqZGG5jl6Evbg=
github.com/yalue/native_endian v1.0.2/go.mod h1:cr+I2WnCwDkkPV0DvgBpGQkJV12CDWR5bAoMtT+56iE=
go.uber.org/atomic v1.3.2 h1:2Oa65PReHzfn29GpvgsYwloV9AVFHPDk8tYxt2c2tr4=
go.uber.org/atomic v1.3.2/go.mod h1:gD2HeocX3+yG+ygLZcrzQJaqmWj9AIm7n08wl/qW/PE=
go.uber.org/multierr v1.1.0 h1:HoEmRHQPVSqub6w2z2d2EOVs2fjyFRGyofhKuyDq0QI=
go.uber.org/multierr v1.1.0/go.mod h1:wR5kodmAFQ0UK8QlbwjlSNy0Z68gJhDJUG5sjR94q/0=
golang.org/x/sync v0.0.0-20190412183630-56d357773e84 h1:IqXQ59gzdXv58Jmm2xn0tSOR9i6HqroaOFRQ3wR/dJQ=
golang.org/x/sync v0.0.0-20190412183630-56d357773e84/go.mod h1:RxMgew5VJxzue5/jJTE5uejpjVlOe/izrB70Jof72aM=
golang.org/x/sys v0.21.0 h1:rF+pYz3DAGSQAxAu1CbC7catZg4ebC4UIeIhKxBZvws=
golang.org/x/sys v0.21.0/go.mod h1:/VUhepiaJMQUp4+oa/7Zr1D23ma6VTLIYjOOTFZPUcA=
gopkg.in/check.v1 v0.0.0-20161208181325-20d25e280405 h1:yhCVgyC4o1eVCa2tZl7eS0r+SDo693bJlVdllGtEeKM=
gopkg.in/check.v1 v0.0.0-20161208181325-20d25e280405/go.mod h1:Co6ibVJAznAaIkqp8huTwlJQCZ016jof/cbN4VW5Yz0=
gopkg.in/yaml.v3 v3.0.1 h1:fxVm/GzAzEWqLHuvctI91KS9hhNmmWOoWu0XTYJS7CA=
gopkg.in/yaml.v3 v3.0.1/go.mod h1:K4uyk7z7BCEPqu6E+C64Yfv1cQ7kz7rIZviUmN+EgEM=
